
Microsoft Visual Studio Solution File, Format Version 12.00
# Visual Studio Version 17
VisualStudioVersion = 17.11.35327.3
MinimumVisualStudioVersion = 10.0.40219.1
Project("{FAE04EC0-301F-11D3-BF4B-00C04F79EFBC}") = "dz4", "dz4.csproj", "{140F7154-EA8B-42E2-87E1-88542CB003FC}"
EndProject
Global
	GlobalSection(SolutionConfigurationPlatforms) = preSolution
		Debug|Any CPU = Debug|Any CPU
		Release|Any CPU = Release|Any CPU
	EndGlobalSection
	GlobalSection(ProjectConfigurationPlatforms) = postSolution
		{140F7154-EA8B-42E2-87E1-88542CB003FC}.Debug|Any CPU.ActiveCfg = Debug|Any CPU
		{140F7154-EA8B-42E2-87E1-88542CB003FC}.Debug|Any CPU.Build.0 = Debug|Any CPU
		{140F7154-EA8B-42E2-87E1-88542CB003FC}.Release|Any CPU.ActiveCfg = Release|Any CPU
		{140F7154-EA8B-42E2-87E1-88542CB003FC}.Release|Any CPU.Build.0 = Release|Any CPU
	EndGlobalSection
	GlobalSection(SolutionProperties) = preSolution
		HideSolutionNode = FALSE
	EndGlobalSection
	GlobalSection(ExtensibilityGlobals) = postSolution
		SolutionGuid = {07ED4C39-A143-432C-85A6-22DEA5ABE596}
	EndGlobalSection
EndGlobal
